<?xml version="1.0" encoding="utf-8"?>
<Project ToolsVersion="4.0" xmlns="http://schemas.microsoft.com/developer/msbuild/2003">
  <ItemGroup>
    <Filter Include="源文件">
      <UniqueIdentifier>{4FC737F1-C7A5-4376-A066-2A32D752A2FF}</UniqueIdentifier>
      <Extensions>cpp;c;cc;cxx;def;odl;idl;hpj;bat;asm;asmx</Extensions>
    </Filter>
    <Filter Include="头文件">
      <UniqueIdentifier>{93995380-89BD-4b04-88EB-625FBE52EBFB}</UniqueIdentifier>
      <Extensions>h;hpp;hxx;hm;inl;inc;xsd</Extensions>
    </Filter>
    <Filter Include="资源文件">
      <UniqueIdentifier>{67DA6AB6-F800-4c08-8B7A-83BB121AAD01}</UniqueIdentifier>
      <Extensions>rc;ico;cur;bmp;dlg;rc2;rct;bin;rgs;gif;jpg;jpeg;jpe;resx;tiff;tif;png;wav;mfcribbon-ms</Extensions>
    </Filter>
    <Filter Include="com">
      <UniqueIdentifier>{88e0c451-44c7-460c-b690-de8d969c6515}</UniqueIdentifier>
    </Filter>
    <Filter Include="com\game">
      <UniqueIdentifier>{a2db504f-b884-4e9b-9f57-d7716125bde3}</UniqueIdentifier>
    </Filter>
    <Filter Include="com\game\command">
      <UniqueIdentifier>{9801e9f0-9990-48b7-8135-e787d8b7557f}</UniqueIdentifier>
    </Filter>
    <Filter Include="com\game\common">
      <UniqueIdentifier>{da84ce85-d092-4066-8067-eb41445bead5}</UniqueIdentifier>
    </Filter>
    <Filter Include="com\game\message">
      <UniqueIdentifier>{cc6fa897-856d-471a-ae17-b2393181760a}</UniqueIdentifier>
    </Filter>
    <Filter Include="com\game\socket">
      <UniqueIdentifier>{156cee73-bd9d-4f71-921d-c9fb9c0ee39c}</UniqueIdentifier>
    </Filter>
    <Filter Include="com\game\struct">
      <UniqueIdentifier>{d84a7ba9-f152-455e-b61d-75c89848caf2}</UniqueIdentifier>
    </Filter>
  </ItemGroup>
  <ItemGroup>
    <None Include="ReadMe.txt" />
  </ItemGroup>
  <ItemGroup>
    <ClInclude Include="stdafx.h">
      <Filter>头文件</Filter>
    </ClInclude>
    <ClInclude Include="targetver.h">
      <Filter>头文件</Filter>
    </ClInclude>
    <ClInclude Include="..\com\game\command\ICommand.h">
      <Filter>com\game\command</Filter>
    </ClInclude>
    <ClInclude Include="..\com\game\common\common.h">
      <Filter>com\game\common</Filter>
    </ClInclude>
    <ClInclude Include="..\com\game\message\message.h">
      <Filter>com\game\message</Filter>
    </ClInclude>
    <ClInclude Include="..\com\game\message\bean.h">
      <Filter>com\game\message</Filter>
    </ClInclude>
    <ClInclude Include="..\com\game\socket\ISession.h">
      <Filter>com\game\socket</Filter>
    </ClInclude>
    <ClInclude Include="..\com\game\command\IHandler.h">
      <Filter>com\game\command</Filter>
    </ClInclude>
    <ClInclude Include="..\com\game\struct\plist.h">
      <Filter>com\game\struct</Filter>
    </ClInclude>
    <ClInclude Include="..\com\game\struct\memorypool.h">
      <Filter>com\game\struct</Filter>
    </ClInclude>
  </ItemGroup>
  <ItemGroup>
    <ClCompile Include="stdafx.cpp">
      <Filter>源文件</Filter>
    </ClCompile>
    <ClCompile Include="mmo_server.cpp">
      <Filter>源文件</Filter>
    </ClCompile>
  </ItemGroup>
</Project>